
Microsoft Visual Studio Solution File, Format Version 12.00
# Visual Studio Version 17
VisualStudioVersion = 17.10.35201.131
MinimumVisualStudioVersion = 10.0.40219.1
Project("{9A19103F-16F7-4668-BE54-9A1E7A4F7556}") = "GillesTourreau.ModelMapper", "GillesTourreau.ModelMapper\GillesTourreau.ModelMapper.csproj", "{CE29ADF0-ABB3-45FF-9E9F-E5559871BDC0}"
EndProject
Project("{FAE04EC0-301F-11D3-BF4B-00C04F79EFBC}") = "GillesTourreau.ModelMapper.Tests", "GillesTourreau.ModelMapper.Tests\GillesTourreau.ModelMapper.Tests.csproj", "{C252D296-9F74-4A02-927F-F2A1A3F13ECD}"
EndProject
Project("{2150E333-8FDC-42A3-9474-1A3956D46DE8}") = "Solution Items", "Solution Items", "{E01FE584-F72B-439E-8019-1A1AF04777C6}"
	ProjectSection(SolutionItems) = preProject
		README.md = README.md
	EndProjectSection
EndProject
Global
	GlobalSection(SolutionConfigurationPlatforms) = preSolution
		Debug|Any CPU = Debug|Any CPU
		Release|Any CPU = Release|Any CPU
	EndGlobalSection
	GlobalSection(ProjectConfigurationPlatforms) = postSolution
		{CE29ADF0-ABB3-45FF-9E9F-E5559871BDC0}.Debug|Any CPU.ActiveCfg = Debug|Any CPU
		{CE29ADF0-ABB3-45FF-9E9F-E5559871BDC0}.Debug|Any CPU.Build.0 = Debug|Any CPU
		{CE29ADF0-ABB3-45FF-9E9F-E5559871BDC0}.Release|Any CPU.ActiveCfg = Release|Any CPU
		{CE29ADF0-ABB3-45FF-9E9F-E5559871BDC0}.Release|Any CPU.Build.0 = Release|Any CPU
		{C252D296-9F74-4A02-927F-F2A1A3F13ECD}.Debug|Any CPU.ActiveCfg = Debug|Any CPU
		{C252D296-9F74-4A02-927F-F2A1A3F13ECD}.Debug|Any CPU.Build.0 = Debug|Any CPU
		{C252D296-9F74-4A02-927F-F2A1A3F13ECD}.Release|Any CPU.ActiveCfg = Release|Any CPU
		{C252D296-9F74-4A02-927F-F2A1A3F13ECD}.Release|Any CPU.Build.0 = Release|Any CPU
	EndGlobalSection
	GlobalSection(SolutionProperties) = preSolution
		HideSolutionNode = FALSE
	EndGlobalSection
	GlobalSection(ExtensibilityGlobals) = postSolution
		SolutionGuid = {2D7C3D61-F2EE-47B9-A3C6-8F6284EF865E}
	EndGlobalSection
EndGlobal
